
Microsoft Visual Studio Solution File, Format Version 12.00
# Visual Studio Version 17
VisualStudioVersion = 17.0.31903.59
MinimumVisualStudioVersion = 10.0.40219.1
Project("{2150E333-8FDC-42A3-9474-1A3956D46DE8}") = "src", "src", "{827E0CD3-B72D-47B6-A68D-7590B98EB39B}"
EndProject
Project("{FAE04EC0-301F-11D3-BF4B-00C04F79EFBC}") = "ChronoPos.Domain", "src\ChronoPos.Domain\ChronoPos.Domain.csproj", "{E3810488-E721-403F-831F-41F3587FA368}"
EndProject
Project("{FAE04EC0-301F-11D3-BF4B-00C04F79EFBC}") = "ChronoPos.Application", "src\ChronoPos.Application\ChronoPos.Application.csproj", "{F65480D5-7080-4B09-9BFD-6E846F814A90}"
EndProject
Project("{FAE04EC0-301F-11D3-BF4B-00C04F79EFBC}") = "ChronoPos.Infrastructure", "src\ChronoPos.Infrastructure\ChronoPos.Infrastructure.csproj", "{7002E42F-4318-4895-9A1F-BDA226576F18}"
EndProject
Project("{FAE04EC0-301F-11D3-BF4B-00C04F79EFBC}") = "ChronoPos.Desktop", "src\ChronoPos.Desktop\ChronoPos.Desktop.csproj", "{B8C53D1A-1F2E-4C3A-8D4B-5E6F7A8B9C0D}"
EndProject
Project("{2150E333-8FDC-42A3-9474-1A3956D46DE8}") = "tests", "tests", "{0AB3BF05-4346-4AA6-1389-037BE0695223}"
EndProject
Project("{FAE04EC0-301F-11D3-BF4B-00C04F79EFBC}") = "ChronoPos.Domain.Tests", "tests\ChronoPos.Domain.Tests\ChronoPos.Domain.Tests.csproj", "{DFF960EC-1A76-4004-BBFC-D34194197DD2}"
EndProject
Project("{FAE04EC0-301F-11D3-BF4B-00C04F79EFBC}") = "ChronoPos.Application.Tests", "tests\ChronoPos.Application.Tests\ChronoPos.Application.Tests.csproj", "{62907BD6-4743-47E5-B891-4792473FBCE4}"
EndProject
Project("{FAE04EC0-301F-11D3-BF4B-00C04F79EFBC}") = "ChronoPos.Integration.Tests", "tests\ChronoPos.Integration.Tests\ChronoPos.Integration.Tests.csproj", "{AF18ABE0-BBB3-495B-8900-5735EABC715D}"
EndProject
Global
	GlobalSection(SolutionConfigurationPlatforms) = preSolution
		Debug|Any CPU = Debug|Any CPU
		Debug|x64 = Debug|x64
		Debug|x86 = Debug|x86
		Release|Any CPU = Release|Any CPU
		Release|x64 = Release|x64
		Release|x86 = Release|x86
	EndGlobalSection
	GlobalSection(ProjectConfigurationPlatforms) = postSolution
		{E3810488-E721-403F-831F-41F3587FA368}.Debug|Any CPU.ActiveCfg = Debug|Any CPU
		{E3810488-E721-403F-831F-41F3587FA368}.Debug|Any CPU.Build.0 = Debug|Any CPU
		{E3810488-E721-403F-831F-41F3587FA368}.Debug|x64.ActiveCfg = Debug|Any CPU
		{E3810488-E721-403F-831F-41F3587FA368}.Debug|x64.Build.0 = Debug|Any CPU
		{E3810488-E721-403F-831F-41F3587FA368}.Debug|x86.ActiveCfg = Debug|Any CPU
		{E3810488-E721-403F-831F-41F3587FA368}.Debug|x86.Build.0 = Debug|Any CPU
		{E3810488-E721-403F-831F-41F3587FA368}.Release|Any CPU.ActiveCfg = Release|Any CPU
		{E3810488-E721-403F-831F-41F3587FA368}.Release|Any CPU.Build.0 = Release|Any CPU
		{E3810488-E721-403F-831F-41F3587FA368}.Release|x64.ActiveCfg = Release|Any CPU
		{E3810488-E721-403F-831F-41F3587FA368}.Release|x64.Build.0 = Release|Any CPU
		{E3810488-E721-403F-831F-41F3587FA368}.Release|x86.ActiveCfg = Release|Any CPU
		{E3810488-E721-403F-831F-41F3587FA368}.Release|x86.Build.0 = Release|Any CPU
		{F65480D5-7080-4B09-9BFD-6E846F814A90}.Debug|Any CPU.ActiveCfg = Debug|Any CPU
		{F65480D5-7080-4B09-9BFD-6E846F814A90}.Debug|Any CPU.Build.0 = Debug|Any CPU
		{F65480D5-7080-4B09-9BFD-6E846F814A90}.Debug|x64.ActiveCfg = Debug|Any CPU
		{F65480D5-7080-4B09-9BFD-6E846F814A90}.Debug|x64.Build.0 = Debug|Any CPU
		{F65480D5-7080-4B09-9BFD-6E846F814A90}.Debug|x86.ActiveCfg = Debug|Any CPU
		{F65480D5-7080-4B09-9BFD-6E846F814A90}.Debug|x86.Build.0 = Debug|Any CPU
		{F65480D5-7080-4B09-9BFD-6E846F814A90}.Release|Any CPU.ActiveCfg = Release|Any CPU
		{F65480D5-7080-4B09-9BFD-6E846F814A90}.Release|Any CPU.Build.0 = Release|Any CPU
		{F65480D5-7080-4B09-9BFD-6E846F814A90}.Release|x64.ActiveCfg = Release|Any CPU
		{F65480D5-7080-4B09-9BFD-6E846F814A90}.Release|x64.Build.0 = Release|Any CPU
		{F65480D5-7080-4B09-9BFD-6E846F814A90}.Release|x86.ActiveCfg = Release|Any CPU
		{F65480D5-7080-4B09-9BFD-6E846F814A90}.Release|x86.Build.0 = Release|Any CPU
		{7002E42F-4318-4895-9A1F-BDA226576F18}.Debug|Any CPU.ActiveCfg = Debug|Any CPU
		{7002E42F-4318-4895-9A1F-BDA226576F18}.Debug|Any CPU.Build.0 = Debug|Any CPU
		{7002E42F-4318-4895-9A1F-BDA226576F18}.Debug|x64.ActiveCfg = Debug|Any CPU
		{7002E42F-4318-4895-9A1F-BDA226576F18}.Debug|x64.Build.0 = Debug|Any CPU
		{7002E42F-4318-4895-9A1F-BDA226576F18}.Debug|x86.ActiveCfg = Debug|Any CPU
		{7002E42F-4318-4895-9A1F-BDA226576F18}.Debug|x86.Build.0 = Debug|Any CPU
		{7002E42F-4318-4895-9A1F-BDA226576F18}.Release|Any CPU.ActiveCfg = Release|Any CPU
		{7002E42F-4318-4895-9A1F-BDA226576F18}.Release|Any CPU.Build.0 = Release|Any CPU
		{7002E42F-4318-4895-9A1F-BDA226576F18}.Release|x64.ActiveCfg = Release|Any CPU
		{7002E42F-4318-4895-9A1F-BDA226576F18}.Release|x64.Build.0 = Release|Any CPU
		{7002E42F-4318-4895-9A1F-BDA226576F18}.Release|x86.ActiveCfg = Release|Any CPU
		{7002E42F-4318-4895-9A1F-BDA226576F18}.Release|x86.Build.0 = Release|Any CPU
		{B8C53D1A-1F2E-4C3A-8D4B-5E6F7A8B9C0D}.Debug|Any CPU.ActiveCfg = Debug|Any CPU
		{B8C53D1A-1F2E-4C3A-8D4B-5E6F7A8B9C0D}.Debug|Any CPU.Build.0 = Debug|Any CPU
		{B8C53D1A-1F2E-4C3A-8D4B-5E6F7A8B9C0D}.Debug|x64.ActiveCfg = Debug|Any CPU
		{B8C53D1A-1F2E-4C3A-8D4B-5E6F7A8B9C0D}.Debug|x64.Build.0 = Debug|Any CPU
		{B8C53D1A-1F2E-4C3A-8D4B-5E6F7A8B9C0D}.Debug|x86.ActiveCfg = Debug|Any CPU
		{B8C53D1A-1F2E-4C3A-8D4B-5E6F7A8B9C0D}.Debug|x86.Build.0 = Debug|Any CPU
		{B8C53D1A-1F2E-4C3A-8D4B-5E6F7A8B9C0D}.Release|Any CPU.ActiveCfg = Release|Any CPU
		{B8C53D1A-1F2E-4C3A-8D4B-5E6F7A8B9C0D}.Release|Any CPU.Build.0 = Release|Any CPU
		{B8C53D1A-1F2E-4C3A-8D4B-5E6F7A8B9C0D}.Release|x64.ActiveCfg = Release|Any CPU
		{B8C53D1A-1F2E-4C3A-8D4B-5E6F7A8B9C0D}.Release|x64.Build.0 = Release|Any CPU
		{B8C53D1A-1F2E-4C3A-8D4B-5E6F7A8B9C0D}.Release|x86.ActiveCfg = Release|Any CPU
		{B8C53D1A-1F2E-4C3A-8D4B-5E6F7A8B9C0D}.Release|x86.Build.0 = Release|Any CPU
		{DFF960EC-1A76-4004-BBFC-D34194197DD2}.Debug|Any CPU.ActiveCfg = Debug|Any CPU
		{DFF960EC-1A76-4004-BBFC-D34194197DD2}.Debug|Any CPU.Build.0 = Debug|Any CPU
		{DFF960EC-1A76-4004-BBFC-D34194197DD2}.Debug|x64.ActiveCfg = Debug|Any CPU
		{DFF960EC-1A76-4004-BBFC-D34194197DD2}.Debug|x64.Build.0 = Debug|Any CPU
		{DFF960EC-1A76-4004-BBFC-D34194197DD2}.Debug|x86.ActiveCfg = Debug|Any CPU
		{DFF960EC-1A76-4004-BBFC-D34194197DD2}.Debug|x86.Build.0 = Debug|Any CPU
		{DFF960EC-1A76-4004-BBFC-D34194197DD2}.Release|Any CPU.ActiveCfg = Release|Any CPU
		{DFF960EC-1A76-4004-BBFC-D34194197DD2}.Release|Any CPU.Build.0 = Release|Any CPU
		{DFF960EC-1A76-4004-BBFC-D34194197DD2}.Release|x64.ActiveCfg = Release|Any CPU
		{DFF960EC-1A76-4004-BBFC-D34194197DD2}.Release|x64.Build.0 = Release|Any CPU
		{DFF960EC-1A76-4004-BBFC-D34194197DD2}.Release|x86.ActiveCfg = Release|Any CPU
		{DFF960EC-1A76-4004-BBFC-D34194197DD2}.Release|x86.Build.0 = Release|Any CPU
		{62907BD6-4743-47E5-B891-4792473FBCE4}.Debug|Any CPU.ActiveCfg = Debug|Any CPU
		{62907BD6-4743-47E5-B891-4792473FBCE4}.Debug|Any CPU.Build.0 = Debug|Any CPU
		{62907BD6-4743-47E5-B891-4792473FBCE4}.Debug|x64.ActiveCfg = Debug|Any CPU
		{62907BD6-4743-47E5-B891-4792473FBCE4}.Debug|x64.Build.0 = Debug|Any CPU
		{62907BD6-4743-47E5-B891-4792473FBCE4}.Debug|x86.ActiveCfg = Debug|Any CPU
		{62907BD6-4743-47E5-B891-4792473FBCE4}.Debug|x86.Build.0 = Debug|Any CPU
		{62907BD6-4743-47E5-B891-4792473FBCE4}.Release|Any CPU.ActiveCfg = Release|Any CPU
		{62907BD6-4743-47E5-B891-4792473FBCE4}.Release|Any CPU.Build.0 = Release|Any CPU
		{62907BD6-4743-47E5-B891-4792473FBCE4}.Release|x64.ActiveCfg = Release|Any CPU
		{62907BD6-4743-47E5-B891-4792473FBCE4}.Release|x64.Build.0 = Release|Any CPU
		{62907BD6-4743-47E5-B891-4792473FBCE4}.Release|x86.ActiveCfg = Release|Any CPU
		{62907BD6-4743-47E5-B891-4792473FBCE4}.Release|x86.Build.0 = Release|Any CPU
		{AF18ABE0-BBB3-495B-8900-5735EABC715D}.Debug|Any CPU.ActiveCfg = Debug|Any CPU
		{AF18ABE0-BBB3-495B-8900-5735EABC715D}.Debug|Any CPU.Build.0 = Debug|Any CPU
		{AF18ABE0-BBB3-495B-8900-5735EABC715D}.Debug|x64.ActiveCfg = Debug|Any CPU
		{AF18ABE0-BBB3-495B-8900-5735EABC715D}.Debug|x64.Build.0 = Debug|Any CPU
		{AF18ABE0-BBB3-495B-8900-5735EABC715D}.Debug|x86.ActiveCfg = Debug|Any CPU
		{AF18ABE0-BBB3-495B-8900-5735EABC715D}.Debug|x86.Build.0 = Debug|Any CPU
		{AF18ABE0-BBB3-495B-8900-5735EABC715D}.Release|Any CPU.ActiveCfg = Release|Any CPU
		{AF18ABE0-BBB3-495B-8900-5735EABC715D}.Release|Any CPU.Build.0 = Release|Any CPU
		{AF18ABE0-BBB3-495B-8900-5735EABC715D}.Release|x64.ActiveCfg = Release|Any CPU
		{AF18ABE0-BBB3-495B-8900-5735EABC715D}.Release|x64.Build.0 = Release|Any CPU
		{AF18ABE0-BBB3-495B-8900-5735EABC715D}.Release|x86.ActiveCfg = Release|Any CPU
		{AF18ABE0-BBB3-495B-8900-5735EABC715D}.Release|x86.Build.0 = Release|Any CPU
	EndGlobalSection
	GlobalSection(SolutionProperties) = preSolution
		HideSolutionNode = FALSE
	EndGlobalSection
	GlobalSection(NestedProjects) = preSolution
		{E3810488-E721-403F-831F-41F3587FA368} = {827E0CD3-B72D-47B6-A68D-7590B98EB39B}
		{F65480D5-7080-4B09-9BFD-6E846F814A90} = {827E0CD3-B72D-47B6-A68D-7590B98EB39B}
		{7002E42F-4318-4895-9A1F-BDA226576F18} = {827E0CD3-B72D-47B6-A68D-7590B98EB39B}
		{B8C53D1A-1F2E-4C3A-8D4B-5E6F7A8B9C0D} = {827E0CD3-B72D-47B6-A68D-7590B98EB39B}
		{DFF960EC-1A76-4004-BBFC-D34194197DD2} = {0AB3BF05-4346-4AA6-1389-037BE0695223}
		{62907BD6-4743-47E5-B891-4792473FBCE4} = {0AB3BF05-4346-4AA6-1389-037BE0695223}
		{AF18ABE0-BBB3-495B-8900-5735EABC715D} = {0AB3BF05-4346-4AA6-1389-037BE0695223}
	EndGlobalSection
EndGlobal
